schemaVersion: 2
runtime:
  transport: shm-only
  abi: '1.0'
  sourceDirectory: runtime/shm
  rpcFallback: false
  legacyDirectory: legacy/rpc
  validation: PARTIAL
  validationReference: docs/overview/status.md
toolchain:
  cuda: 12.8.1
  cudnnMajor: 9
  cStandard: C11
  cmakeMinimum: '3.18'
compatibility:
  fullPyTorch: NOT_IMPLEMENTED
  graph: empty-node-lifecycle-only
  kernel: explicit-PTX-ABI-and-opt-in-fatbinary-packed-launch
  cuBLAS: float-SGEMM-subset
  cuDNN: handle-and-version-only

operator:
  sdk: v1.42.3
  go: '1.25.6'
  controllerRuntime: v0.23.3
  kubernetesClient: v0.35.0
  apiGroup: vmweave.io
  apiVersion: v1alpha1
  testedKubernetes: v1.37.0
  testedKubeVirt: v1.9.0
  installationChart: charts/vmweave-operator
